{
  "name": "AltVTutorialClientside",
  "version": "1.0.0",
  "lockfileVersion": 1,
  "requires": true,
  "dependencies": {
    "@altv/types-client": {
      "version": "1.7.6",
      "resolved": "https://registry.npmjs.org/@altv/types-client/-/types-client-1.7.6.tgz",
      "integrity": "sha512-KT35sYzl/OBt96/aoh4BFWbMJm4mAOHWYtLOdaZhiZuSXv/rl10MDL+TZ29uI+9R9U94+dX6IXhubisIC2H6Ig==",
      "dev": true
    },
    "@altv/types-natives": {
      "version": "1.4.2",
      "resolved": "https://registry.npmjs.org/@altv/types-natives/-/types-natives-1.4.2.tgz",
      "integrity": "sha512-Dsr2/nXsedi+dYiBb+kUaCKZOZug+9rPl8FViqeCwjLVdUSAJoRtxt2tWjRcuaTJRwmZGA4w1bPA8BtX7yheZQ==",
      "dev": true
    },
    "@altv/types-shared": {
      "version": "1.0.1",
      "resolved": "https://registry.npmjs.org/@altv/types-shared/-/types-shared-1.0.1.tgz",
      "integrity": "sha512-Icq6F0pTqqRa3yT+shytwDo2Oz5Bgo6KbfmiyPZgxbX4oGkwx8lyF/78qNYrIWi356pWmDsNnQTuTrRh4v9szA==",
      "dev": true
    },
    "@altv/types-webview": {
      "version": "1.0.2",
      "resolved": "https://registry.npmjs.org/@altv/types-webview/-/types-webview-1.0.2.tgz",
      "integrity": "sha512-3RceTutIDS/XV8YUn/AiSe61BERBb6LfCCQxIcN5bvlh26lPXC0naxtQTcG39pSgj8a5iiVT8LaRNdEZP6JBcA==",
      "dev": true
    }
  }
}
